
Microsoft Visual Studio Solution File, Format Version 12.00
# Visual Studio Version 17
VisualStudioVersion = 17.0.31903.59
MinimumVisualStudioVersion = 10.0.40219.1
Project("{FAE04EC0-301F-11D3-BF4B-00C04F79EFBC}") = "Ecommerce.API", "Ecommerce.API\Ecommerce.API.csproj", "{9B68152D-425B-46D1-B5AC-DCD4ED071EA4}"
EndProject
Project("{FAE04EC0-301F-11D3-BF4B-00C04F79EFBC}") = "Ecommerce.Application", "Ecommerce.Application\Ecommerce.Application.csproj", "{111F4EA9-0607-417A-8938-4FB76D0263FB}"
EndProject
Project("{FAE04EC0-301F-11D3-BF4B-00C04F79EFBC}") = "Ecommerce.Domain", "Ecommerce.Domain\Ecommerce.Domain.csproj", "{8B87F572-7C9A-48CD-9CCA-1A2A65CF3B12}"
EndProject
Project("{FAE04EC0-301F-11D3-BF4B-00C04F79EFBC}") = "Ecommerce.Infrastructure", "Ecommerce.Infrastructure\Ecommerce.Infrastructure.csproj", "{CFE7589C-9D1B-43D8-AD19-2E3ECDC86FCB}"
EndProject
Project("{FAE04EC0-301F-11D3-BF4B-00C04F79EFBC}") = "Ecommerce.Tests", "Ecommerce.Tests\Ecommerce.Tests.csproj", "{65410FD8-AD06-4217-864E-4ED93C8F10A7}"
EndProject
Project("{2150E333-8FDC-42A3-9474-1A3956D46DE8}") = "Solution Items", "Solution Items", "{F1A7B8C1-8D5E-4C6F-A7B3-3E5F7C8D9E0F}"
	ProjectSection(SolutionItems) = preProject
		Directory.Build.props = Directory.Build.props
		Directory.Packages.props = Directory.Packages.props
		scripts\Update-Packages.ps1 = scripts\Update-Packages.ps1
	EndProjectSection
EndProject
Project("{FAE04EC0-301F-11D3-BF4B-00C04F79EFBC}") = "Ecommerce.ProductService", "Ecommerce.ProductService\Ecommerce.ProductService.csproj", "{71C90676-2639-44E4-9EB6-5A96DF752E7E}"
EndProject
Project("{FAE04EC0-301F-11D3-BF4B-00C04F79EFBC}") = "Ecommerce.OrderService", "Ecommerce.OrderService\Ecommerce.OrderService.csproj", "{7A41464C-6AE6-4458-BF7A-F2B6880A269C}"
EndProject
Project("{FAE04EC0-301F-11D3-BF4B-00C04F79EFBC}") = "Ecommerce.Functions", "Ecommerce.Functions\Ecommerce.Functions.csproj", "{EC6B75C8-E0D5-4A89-81B8-22EF9B272853}"
EndProject
Global
	GlobalSection(SolutionConfigurationPlatforms) = preSolution
		Debug|Any CPU = Debug|Any CPU
		Debug|x64 = Debug|x64
		Debug|x86 = Debug|x86
		Release|Any CPU = Release|Any CPU
		Release|x64 = Release|x64
		Release|x86 = Release|x86
	EndGlobalSection
	GlobalSection(ProjectConfigurationPlatforms) = postSolution
		{9B68152D-425B-46D1-B5AC-DCD4ED071EA4}.Debug|Any CPU.ActiveCfg = Debug|Any CPU
		{9B68152D-425B-46D1-B5AC-DCD4ED071EA4}.Debug|Any CPU.Build.0 = Debug|Any CPU
		{9B68152D-425B-46D1-B5AC-DCD4ED071EA4}.Debug|x64.ActiveCfg = Debug|Any CPU
		{9B68152D-425B-46D1-B5AC-DCD4ED071EA4}.Debug|x64.Build.0 = Debug|Any CPU
		{9B68152D-425B-46D1-B5AC-DCD4ED071EA4}.Debug|x86.ActiveCfg = Debug|Any CPU
		{9B68152D-425B-46D1-B5AC-DCD4ED071EA4}.Debug|x86.Build.0 = Debug|Any CPU
		{9B68152D-425B-46D1-B5AC-DCD4ED071EA4}.Release|Any CPU.ActiveCfg = Release|Any CPU
		{9B68152D-425B-46D1-B5AC-DCD4ED071EA4}.Release|Any CPU.Build.0 = Release|Any CPU
		{9B68152D-425B-46D1-B5AC-DCD4ED071EA4}.Release|x64.ActiveCfg = Release|Any CPU
		{9B68152D-425B-46D1-B5AC-DCD4ED071EA4}.Release|x64.Build.0 = Release|Any CPU
		{9B68152D-425B-46D1-B5AC-DCD4ED071EA4}.Release|x86.ActiveCfg = Release|Any CPU
		{9B68152D-425B-46D1-B5AC-DCD4ED071EA4}.Release|x86.Build.0 = Release|Any CPU
		{111F4EA9-0607-417A-8938-4FB76D0263FB}.Debug|Any CPU.ActiveCfg = Debug|Any CPU
		{111F4EA9-0607-417A-8938-4FB76D0263FB}.Debug|Any CPU.Build.0 = Debug|Any CPU
		{111F4EA9-0607-417A-8938-4FB76D0263FB}.Debug|x64.ActiveCfg = Debug|Any CPU
		{111F4EA9-0607-417A-8938-4FB76D0263FB}.Debug|x64.Build.0 = Debug|Any CPU
		{111F4EA9-0607-417A-8938-4FB76D0263FB}.Debug|x86.ActiveCfg = Debug|Any CPU
		{111F4EA9-0607-417A-8938-4FB76D0263FB}.Debug|x86.Build.0 = Debug|Any CPU
		{111F4EA9-0607-417A-8938-4FB76D0263FB}.Release|Any CPU.ActiveCfg = Release|Any CPU
		{111F4EA9-0607-417A-8938-4FB76D0263FB}.Release|Any CPU.Build.0 = Release|Any CPU
		{111F4EA9-0607-417A-8938-4FB76D0263FB}.Release|x64.ActiveCfg = Release|Any CPU
		{111F4EA9-0607-417A-8938-4FB76D0263FB}.Release|x64.Build.0 = Release|Any CPU
		{111F4EA9-0607-417A-8938-4FB76D0263FB}.Release|x86.ActiveCfg = Release|Any CPU
		{111F4EA9-0607-417A-8938-4FB76D0263FB}.Release|x86.Build.0 = Release|Any CPU
		{8B87F572-7C9A-48CD-9CCA-1A2A65CF3B12}.Debug|Any CPU.ActiveCfg = Debug|Any CPU
		{8B87F572-7C9A-48CD-9CCA-1A2A65CF3B12}.Debug|Any CPU.Build.0 = Debug|Any CPU
		{8B87F572-7C9A-48CD-9CCA-1A2A65CF3B12}.Debug|x64.ActiveCfg = Debug|Any CPU
		{8B87F572-7C9A-48CD-9CCA-1A2A65CF3B12}.Debug|x64.Build.0 = Debug|Any CPU
		{8B87F572-7C9A-48CD-9CCA-1A2A65CF3B12}.Debug|x86.ActiveCfg = Debug|Any CPU
		{8B87F572-7C9A-48CD-9CCA-1A2A65CF3B12}.Debug|x86.Build.0 = Debug|Any CPU
		{8B87F572-7C9A-48CD-9CCA-1A2A65CF3B12}.Release|Any CPU.ActiveCfg = Release|Any CPU
		{8B87F572-7C9A-48CD-9CCA-1A2A65CF3B12}.Release|Any CPU.Build.0 = Release|Any CPU
		{8B87F572-7C9A-48CD-9CCA-1A2A65CF3B12}.Release|x64.ActiveCfg = Release|Any CPU
		{8B87F572-7C9A-48CD-9CCA-1A2A65CF3B12}.Release|x64.Build.0 = Release|Any CPU
		{8B87F572-7C9A-48CD-9CCA-1A2A65CF3B12}.Release|x86.ActiveCfg = Release|Any CPU
		{8B87F572-7C9A-48CD-9CCA-1A2A65CF3B12}.Release|x86.Build.0 = Release|Any CPU
		{CFE7589C-9D1B-43D8-AD19-2E3ECDC86FCB}.Debug|Any CPU.ActiveCfg = Debug|Any CPU
		{CFE7589C-9D1B-43D8-AD19-2E3ECDC86FCB}.Debug|Any CPU.Build.0 = Debug|Any CPU
		{CFE7589C-9D1B-43D8-AD19-2E3ECDC86FCB}.Debug|x64.ActiveCfg = Debug|Any CPU
		{CFE7589C-9D1B-43D8-AD19-2E3ECDC86FCB}.Debug|x64.Build.0 = Debug|Any CPU
		{CFE7589C-9D1B-43D8-AD19-2E3ECDC86FCB}.Debug|x86.ActiveCfg = Debug|Any CPU
		{CFE7589C-9D1B-43D8-AD19-2E3ECDC86FCB}.Debug|x86.Build.0 = Debug|Any CPU
		{CFE7589C-9D1B-43D8-AD19-2E3ECDC86FCB}.Release|Any CPU.ActiveCfg = Release|Any CPU
		{CFE7589C-9D1B-43D8-AD19-2E3ECDC86FCB}.Release|Any CPU.Build.0 = Release|Any CPU
		{CFE7589C-9D1B-43D8-AD19-2E3ECDC86FCB}.Release|x64.ActiveCfg = Release|Any CPU
		{CFE7589C-9D1B-43D8-AD19-2E3ECDC86FCB}.Release|x64.Build.0 = Release|Any CPU
		{CFE7589C-9D1B-43D8-AD19-2E3ECDC86FCB}.Release|x86.ActiveCfg = Release|Any CPU
		{CFE7589C-9D1B-43D8-AD19-2E3ECDC86FCB}.Release|x86.Build.0 = Release|Any CPU
		{65410FD8-AD06-4217-864E-4ED93C8F10A7}.Debug|Any CPU.ActiveCfg = Debug|Any CPU
		{65410FD8-AD06-4217-864E-4ED93C8F10A7}.Debug|Any CPU.Build.0 = Debug|Any CPU
		{65410FD8-AD06-4217-864E-4ED93C8F10A7}.Debug|x64.ActiveCfg = Debug|Any CPU
		{65410FD8-AD06-4217-864E-4ED93C8F10A7}.Debug|x64.Build.0 = Debug|Any CPU
		{65410FD8-AD06-4217-864E-4ED93C8F10A7}.Debug|x86.ActiveCfg = Debug|Any CPU
		{65410FD8-AD06-4217-864E-4ED93C8F10A7}.Debug|x86.Build.0 = Debug|Any CPU
		{65410FD8-AD06-4217-864E-4ED93C8F10A7}.Release|Any CPU.ActiveCfg = Release|Any CPU
		{65410FD8-AD06-4217-864E-4ED93C8F10A7}.Release|Any CPU.Build.0 = Release|Any CPU
		{65410FD8-AD06-4217-864E-4ED93C8F10A7}.Release|x64.ActiveCfg = Release|Any CPU
		{65410FD8-AD06-4217-864E-4ED93C8F10A7}.Release|x64.Build.0 = Release|Any CPU
		{65410FD8-AD06-4217-864E-4ED93C8F10A7}.Release|x86.ActiveCfg = Release|Any CPU
		{65410FD8-AD06-4217-864E-4ED93C8F10A7}.Release|x86.Build.0 = Release|Any CPU
		{71C90676-2639-44E4-9EB6-5A96DF752E7E}.Debug|Any CPU.ActiveCfg = Debug|Any CPU
		{71C90676-2639-44E4-9EB6-5A96DF752E7E}.Debug|Any CPU.Build.0 = Debug|Any CPU
		{71C90676-2639-44E4-9EB6-5A96DF752E7E}.Debug|x64.ActiveCfg = Debug|Any CPU
		{71C90676-2639-44E4-9EB6-5A96DF752E7E}.Debug|x64.Build.0 = Debug|Any CPU
		{71C90676-2639-44E4-9EB6-5A96DF752E7E}.Debug|x86.ActiveCfg = Debug|Any CPU
		{71C90676-2639-44E4-9EB6-5A96DF752E7E}.Debug|x86.Build.0 = Debug|Any CPU
		{71C90676-2639-44E4-9EB6-5A96DF752E7E}.Release|Any CPU.ActiveCfg = Release|Any CPU
		{71C90676-2639-44E4-9EB6-5A96DF752E7E}.Release|Any CPU.Build.0 = Release|Any CPU
		{71C90676-2639-44E4-9EB6-5A96DF752E7E}.Release|x64.ActiveCfg = Release|Any CPU
		{71C90676-2639-44E4-9EB6-5A96DF752E7E}.Release|x64.Build.0 = Release|Any CPU
		{71C90676-2639-44E4-9EB6-5A96DF752E7E}.Release|x86.ActiveCfg = Release|Any CPU
		{71C90676-2639-44E4-9EB6-5A96DF752E7E}.Release|x86.Build.0 = Release|Any CPU
		{7A41464C-6AE6-4458-BF7A-F2B6880A269C}.Debug|Any CPU.ActiveCfg = Debug|Any CPU
		{7A41464C-6AE6-4458-BF7A-F2B6880A269C}.Debug|Any CPU.Build.0 = Debug|Any CPU
		{7A41464C-6AE6-4458-BF7A-F2B6880A269C}.Debug|x64.ActiveCfg = Debug|Any CPU
		{7A41464C-6AE6-4458-BF7A-F2B6880A269C}.Debug|x64.Build.0 = Debug|Any CPU
		{7A41464C-6AE6-4458-BF7A-F2B6880A269C}.Debug|x86.ActiveCfg = Debug|Any CPU
		{7A41464C-6AE6-4458-BF7A-F2B6880A269C}.Debug|x86.Build.0 = Debug|Any CPU
		{7A41464C-6AE6-4458-BF7A-F2B6880A269C}.Release|Any CPU.ActiveCfg = Release|Any CPU
		{7A41464C-6AE6-4458-BF7A-F2B6880A269C}.Release|Any CPU.Build.0 = Release|Any CPU
		{7A41464C-6AE6-4458-BF7A-F2B6880A269C}.Release|x64.ActiveCfg = Release|Any CPU
		{7A41464C-6AE6-4458-BF7A-F2B6880A269C}.Release|x64.Build.0 = Release|Any CPU
		{7A41464C-6AE6-4458-BF7A-F2B6880A269C}.Release|x86.ActiveCfg = Release|Any CPU
		{7A41464C-6AE6-4458-BF7A-F2B6880A269C}.Release|x86.Build.0 = Release|Any CPU
		{EC6B75C8-E0D5-4A89-81B8-22EF9B272853}.Debug|Any CPU.ActiveCfg = Debug|Any CPU
		{EC6B75C8-E0D5-4A89-81B8-22EF9B272853}.Debug|Any CPU.Build.0 = Debug|Any CPU
		{EC6B75C8-E0D5-4A89-81B8-22EF9B272853}.Debug|x64.ActiveCfg = Debug|Any CPU
		{EC6B75C8-E0D5-4A89-81B8-22EF9B272853}.Debug|x64.Build.0 = Debug|Any CPU
		{EC6B75C8-E0D5-4A89-81B8-22EF9B272853}.Debug|x86.ActiveCfg = Debug|Any CPU
		{EC6B75C8-E0D5-4A89-81B8-22EF9B272853}.Debug|x86.Build.0 = Debug|Any CPU
		{EC6B75C8-E0D5-4A89-81B8-22EF9B272853}.Release|Any CPU.ActiveCfg = Release|Any CPU
		{EC6B75C8-E0D5-4A89-81B8-22EF9B272853}.Release|Any CPU.Build.0 = Release|Any CPU
		{EC6B75C8-E0D5-4A89-81B8-22EF9B272853}.Release|x64.ActiveCfg = Release|Any CPU
		{EC6B75C8-E0D5-4A89-81B8-22EF9B272853}.Release|x64.Build.0 = Release|Any CPU
		{EC6B75C8-E0D5-4A89-81B8-22EF9B272853}.Release|x86.ActiveCfg = Release|Any CPU
		{EC6B75C8-E0D5-4A89-81B8-22EF9B272853}.Release|x86.Build.0 = Release|Any CPU
	EndGlobalSection
	GlobalSection(SolutionProperties) = preSolution
		HideSolutionNode = FALSE
	EndGlobalSection
EndGlobal
